# THIS IS AN AUTOGENERATED FILE. DO NOT EDIT THIS FILE DIRECTLY.
# yarn lockfile v1


"@babel/helper-string-parser@^7.27.1":
  version "7.27.1"
  resolved "https://registry.yarnpkg.com/@babel/helper-string-parser/-/helper-string-parser-7.27.1.tgz#54da796097ab19ce67ed9f88b47bb2ec49367687"
  integrity sha512-qMlSxKbpRlAridDExk92nSobyDdpPijUq2DW6oDnUqd0iOGxmQjyqhMIihI9+zv4LPyZdRje2cavWPbCbWm3eA==

"@babel/helper-validator-identifier@^7.27.1":
  version "7.27.1"
  resolved "https://registry.yarnpkg.com/@babel/helper-validator-identifier/-/helper-validator-identifier-7.27.1.tgz#a7054dcc145a967dd4dc8fee845a57c1316c9df8"
  integrity sha512-D2hP9eA+Sqx1kBZgzxZh0y1trbuU+JoDkiEwqhQ36nodYqJwyEIhPSdMNd7lOm/4io72luTPWH20Yda0xOuUow==

"@babel/parser@^7.27.5":
  version "7.27.7"
  resolved "https://registry.yarnpkg.com/@babel/parser/-/parser-7.27.7.tgz#1687f5294b45039c159730e3b9c1f1b242e425e9"
  integrity sha512-qnzXzDXdr/po3bOTbTIQZ7+TxNKxpkN5IifVLXS+r7qwynkZfPyjZfE7hCXbo7IoO9TNcSyibgONsf2HauUd3Q==
  dependencies:
    "@babel/types" "^7.27.7"

"@babel/types@^7.27.7":
  version "7.27.7"
  resolved "https://registry.yarnpkg.com/@babel/types/-/types-7.27.7.tgz#40eabd562049b2ee1a205fa589e629f945dce20f"
  integrity sha512-8OLQgDScAOHXnAz2cV+RfzzNMipuLVBz2biuAJFMV9bfkNf393je3VM8CLkjQodW5+iWsSJdSgSWT6rsZoXHPw==
  dependencies:
    "@babel/helper-string-parser" "^7.27.1"
    "@babel/helper-validator-identifier" "^7.27.1"

"@bufbuild/protobuf@^2.5.0":
  version "2.6.0"
  resolved "https://registry.yarnpkg.com/@bufbuild/protobuf/-/protobuf-2.6.0.tgz#82f10cbd2eff47b1e9196967749b26f916b808e8"
  integrity sha512-6cuonJVNOIL7lTj5zgo/Rc2bKAo4/GvN+rKCrUj7GdEHRzCk8zKOfFwUsL9nAVk5rSIsRmlgcpLzTRysopEeeg==

"@esbuild/aix-ppc64@0.25.5":
  version "0.25.5"
  resolved "https://registry.yarnpkg.com/@esbuild/aix-ppc64/-/aix-ppc64-0.25.5.tgz#4e0f91776c2b340e75558f60552195f6fad09f18"
  integrity sha512-9o3TMmpmftaCMepOdA5k/yDw8SfInyzWWTjYTFCX3kPSDJMROQTb8jg+h9Cnwnmm1vOzvxN7gIfB5V2ewpjtGA==

"@esbuild/android-arm64@0.25.5":
  version "0.25.5"
  resolved "https://registry.yarnpkg.com/@esbuild/android-arm64/-/android-arm64-0.25.5.tgz#bc766407f1718923f6b8079c8c61bf86ac3a6a4f"
  integrity sha512-VGzGhj4lJO+TVGV1v8ntCZWJktV7SGCs3Pn1GRWI1SBFtRALoomm8k5E9Pmwg3HOAal2VDc2F9+PM/rEY6oIDg==

"@esbuild/android-arm@0.25.5":
  version "0.25.5"
  resolved "https://registry.yarnpkg.com/@esbuild/android-arm/-/android-arm-0.25.5.tgz#4290d6d3407bae3883ad2cded1081a234473ce26"
  integrity sha512-AdJKSPeEHgi7/ZhuIPtcQKr5RQdo6OO2IL87JkianiMYMPbCtot9fxPbrMiBADOWWm3T2si9stAiVsGbTQFkbA==

"@esbuild/android-x64@0.25.5":
  version "0.25.5"
  resolved "https://registry.yarnpkg.com/@esbuild/android-x64/-/android-x64-0.25.5.tgz#40c11d9cbca4f2406548c8a9895d321bc3b35eff"
  integrity sha512-D2GyJT1kjvO//drbRT3Hib9XPwQeWd9vZoBJn+bu/lVsOZ13cqNdDeqIF/xQ5/VmWvMduP6AmXvylO/PIc2isw==

"@esbuild/darwin-arm64@0.25.5":
  version "0.25.5"
  resolved "https://registry.yarnpkg.com/@esbuild/darwin-arm64/-/darwin-arm64-0.25.5.tgz#49d8bf8b1df95f759ac81eb1d0736018006d7e34"
  integrity sha512-GtaBgammVvdF7aPIgH2jxMDdivezgFu6iKpmT+48+F8Hhg5J/sfnDieg0aeG/jfSvkYQU2/pceFPDKlqZzwnfQ==

"@esbuild/darwin-x64@0.25.5":
  version "0.25.5"
  resolved "https://registry.yarnpkg.com/@esbuild/darwin-x64/-/darwin-x64-0.25.5.tgz#e27a5d92a14886ef1d492fd50fc61a2d4d87e418"
  integrity sha512-1iT4FVL0dJ76/q1wd7XDsXrSW+oLoquptvh4CLR4kITDtqi2e/xwXwdCVH8hVHU43wgJdsq7Gxuzcs6Iq/7bxQ==

"@esbuild/freebsd-arm64@0.25.5":
  version "0.25.5"
  resolved "https://registry.yarnpkg.com/@esbuild/freebsd-arm64/-/freebsd-arm64-0.25.5.tgz#97cede59d638840ca104e605cdb9f1b118ba0b1c"
  integrity sha512-nk4tGP3JThz4La38Uy/gzyXtpkPW8zSAmoUhK9xKKXdBCzKODMc2adkB2+8om9BDYugz+uGV7sLmpTYzvmz6Sw==

"@esbuild/freebsd-x64@0.25.5":
  version "0.25.5"
  resolved "https://registry.yarnpkg.com/@esbuild/freebsd-x64/-/freebsd-x64-0.25.5.tgz#71c77812042a1a8190c3d581e140d15b876b9c6f"
  integrity sha512-PrikaNjiXdR2laW6OIjlbeuCPrPaAl0IwPIaRv+SMV8CiM8i2LqVUHFC1+8eORgWyY7yhQY+2U2fA55mBzReaw==

"@esbuild/linux-arm64@0.25.5":
  version "0.25.5"
  resolved "https://registry.yarnpkg.com/@esbuild/linux-arm64/-/linux-arm64-0.25.5.tgz#f7b7c8f97eff8ffd2e47f6c67eb5c9765f2181b8"
  integrity sha512-Z9kfb1v6ZlGbWj8EJk9T6czVEjjq2ntSYLY2cw6pAZl4oKtfgQuS4HOq41M/BcoLPzrUbNd+R4BXFyH//nHxVg==

"@esbuild/linux-arm@0.25.5":
  version "0.25.5"
  resolved "https://registry.yarnpkg.com/@esbuild/linux-arm/-/linux-arm-0.25.5.tgz#2a0be71b6cd8201fa559aea45598dffabc05d911"
  integrity sha512-cPzojwW2okgh7ZlRpcBEtsX7WBuqbLrNXqLU89GxWbNt6uIg78ET82qifUy3W6OVww6ZWobWub5oqZOVtwolfw==

"@esbuild/linux-ia32@0.25.5":
  version "0.25.5"
  resolved "https://registry.yarnpkg.com/@esbuild/linux-ia32/-/linux-ia32-0.25.5.tgz#763414463cd9ea6fa1f96555d2762f9f84c61783"
  integrity sha512-sQ7l00M8bSv36GLV95BVAdhJ2QsIbCuCjh/uYrWiMQSUuV+LpXwIqhgJDcvMTj+VsQmqAHL2yYaasENvJ7CDKA==

"@esbuild/linux-loong64@0.25.5":
  version "0.25.5"
  resolved "https://registry.yarnpkg.com/@esbuild/linux-loong64/-/linux-loong64-0.25.5.tgz#428cf2213ff786a502a52c96cf29d1fcf1eb8506"
  integrity sha512-0ur7ae16hDUC4OL5iEnDb0tZHDxYmuQyhKhsPBV8f99f6Z9KQM02g33f93rNH5A30agMS46u2HP6qTdEt6Q1kg==

"@esbuild/linux-mips64el@0.25.5":
  version "0.25.5"
  resolved "https://registry.yarnpkg.com/@esbuild/linux-mips64el/-/linux-mips64el-0.25.5.tgz#5cbcc7fd841b4cd53358afd33527cd394e325d96"
  integrity sha512-kB/66P1OsHO5zLz0i6X0RxlQ+3cu0mkxS3TKFvkb5lin6uwZ/ttOkP3Z8lfR9mJOBk14ZwZ9182SIIWFGNmqmg==

"@esbuild/linux-ppc64@0.25.5":
  version "0.25.5"
  resolved "https://registry.yarnpkg.com/@esbuild/linux-ppc64/-/linux-ppc64-0.25.5.tgz#0d954ab39ce4f5e50f00c4f8c4fd38f976c13ad9"
  integrity sha512-UZCmJ7r9X2fe2D6jBmkLBMQetXPXIsZjQJCjgwpVDz+YMcS6oFR27alkgGv3Oqkv07bxdvw7fyB71/olceJhkQ==

"@esbuild/linux-riscv64@0.25.5":
  version "0.25.5"
  resolved "https://registry.yarnpkg.com/@esbuild/linux-riscv64/-/linux-riscv64-0.25.5.tgz#0e7dd30730505abd8088321e8497e94b547bfb1e"
  integrity sha512-kTxwu4mLyeOlsVIFPfQo+fQJAV9mh24xL+y+Bm6ej067sYANjyEw1dNHmvoqxJUCMnkBdKpvOn0Ahql6+4VyeA==

"@esbuild/linux-s390x@0.25.5":
  version "0.25.5"
  resolved "https://registry.yarnpkg.com/@esbuild/linux-s390x/-/linux-s390x-0.25.5.tgz#5669af81327a398a336d7e40e320b5bbd6e6e72d"
  integrity sha512-K2dSKTKfmdh78uJ3NcWFiqyRrimfdinS5ErLSn3vluHNeHVnBAFWC8a4X5N+7FgVE1EjXS1QDZbpqZBjfrqMTQ==

"@esbuild/linux-x64@0.25.5":
  version "0.25.5"
  resolved "https://registry.yarnpkg.com/@esbuild/linux-x64/-/linux-x64-0.25.5.tgz#b2357dd153aa49038967ddc1ffd90c68a9d2a0d4"
  integrity sha512-uhj8N2obKTE6pSZ+aMUbqq+1nXxNjZIIjCjGLfsWvVpy7gKCOL6rsY1MhRh9zLtUtAI7vpgLMK6DxjO8Qm9lJw==

"@esbuild/netbsd-arm64@0.25.5":
  version "0.25.5"
  resolved "https://registry.yarnpkg.com/@esbuild/netbsd-arm64/-/netbsd-arm64-0.25.5.tgz#53b4dfb8fe1cee93777c9e366893bd3daa6ba63d"
  integrity sha512-pwHtMP9viAy1oHPvgxtOv+OkduK5ugofNTVDilIzBLpoWAM16r7b/mxBvfpuQDpRQFMfuVr5aLcn4yveGvBZvw==

"@esbuild/netbsd-x64@0.25.5":
  version "0.25.5"
  resolved "https://registry.yarnpkg.com/@esbuild/netbsd-x64/-/netbsd-x64-0.25.5.tgz#a0206f6314ce7dc8713b7732703d0f58de1d1e79"
  integrity sha512-WOb5fKrvVTRMfWFNCroYWWklbnXH0Q5rZppjq0vQIdlsQKuw6mdSihwSo4RV/YdQ5UCKKvBy7/0ZZYLBZKIbwQ==

"@esbuild/openbsd-arm64@0.25.5":
  version "0.25.5"
  resolved "https://registry.yarnpkg.com/@esbuild/openbsd-arm64/-/openbsd-arm64-0.25.5.tgz#2a796c87c44e8de78001d808c77d948a21ec22fd"
  integrity sha512-7A208+uQKgTxHd0G0uqZO8UjK2R0DDb4fDmERtARjSHWxqMTye4Erz4zZafx7Di9Cv+lNHYuncAkiGFySoD+Mw==

"@esbuild/openbsd-x64@0.25.5":
  version "0.25.5"
  resolved "https://registry.yarnpkg.com/@esbuild/openbsd-x64/-/openbsd-x64-0.25.5.tgz#28d0cd8909b7fa3953af998f2b2ed34f576728f0"
  integrity sha512-G4hE405ErTWraiZ8UiSoesH8DaCsMm0Cay4fsFWOOUcz8b8rC6uCvnagr+gnioEjWn0wC+o1/TAHt+It+MpIMg==

"@esbuild/sunos-x64@0.25.5":
  version "0.25.5"
  resolved "https://registry.yarnpkg.com/@esbuild/sunos-x64/-/sunos-x64-0.25.5.tgz#a28164f5b997e8247d407e36c90d3fd5ddbe0dc5"
  integrity sha512-l+azKShMy7FxzY0Rj4RCt5VD/q8mG/e+mDivgspo+yL8zW7qEwctQ6YqKX34DTEleFAvCIUviCFX1SDZRSyMQA==

"@esbuild/win32-arm64@0.25.5":
  version "0.25.5"
  resolved "https://registry.yarnpkg.com/@esbuild/win32-arm64/-/win32-arm64-0.25.5.tgz#6eadbead38e8bd12f633a5190e45eff80e24007e"
  integrity sha512-O2S7SNZzdcFG7eFKgvwUEZ2VG9D/sn/eIiz8XRZ1Q/DO5a3s76Xv0mdBzVM5j5R639lXQmPmSo0iRpHqUUrsxw==

"@esbuild/win32-ia32@0.25.5":
  version "0.25.5"
  resolved "https://registry.yarnpkg.com/@esbuild/win32-ia32/-/win32-ia32-0.25.5.tgz#bab6288005482f9ed2adb9ded7e88eba9a62cc0d"
  integrity sha512-onOJ02pqs9h1iMJ1PQphR+VZv8qBMQ77Klcsqv9CNW2w6yLqoURLcgERAIurY6QE63bbLuqgP9ATqajFLK5AMQ==

"@esbuild/win32-x64@0.25.5":
  version "0.25.5"
  resolved "https://registry.yarnpkg.com/@esbuild/win32-x64/-/win32-x64-0.25.5.tgz#7fc114af5f6563f19f73324b5d5ff36ece0803d1"
  integrity sha512-TXv6YnJ8ZMVdX+SXWVBo/0p8LTcrUYngpWjvm91TMjjBQii7Oz11Lw5lbDV5Y0TzuhSJHwiH4hEtC1I42mMS0g==

"@jridgewell/sourcemap-codec@^1.5.0":
  version "1.5.0"
  resolved "https://registry.yarnpkg.com/@jridgewell/sourcemap-codec/-/sourcemap-codec-1.5.0.tgz#3188bcb273a414b0d215fd22a58540b989b9409a"
  integrity sha512-gv3ZRaISU3fjPAgNsriBRqGWQL6quFx04YMPW/zD8XMLsU32mhCCbfbO6KZFLjvYpCZ8zyDEgqsgf+PwPaM7GQ==

"@rollup/rollup-android-arm-eabi@4.44.1":
  version "4.44.1"
  resolved "https://registry.yarnpkg.com/@rollup/rollup-android-arm-eabi/-/rollup-android-arm-eabi-4.44.1.tgz#f768e3b2b0e6b55c595d7a053652c06413713983"
  integrity sha512-JAcBr1+fgqx20m7Fwe1DxPUl/hPkee6jA6Pl7n1v2EFiktAHenTaXl5aIFjUIEsfn9w3HE4gK1lEgNGMzBDs1w==

"@rollup/rollup-android-arm64@4.44.1":
  version "4.44.1"
  resolved "https://registry.yarnpkg.com/@rollup/rollup-android-arm64/-/rollup-android-arm64-4.44.1.tgz#40379fd5501cfdfd7d8f86dfa1d3ce8d3a609493"
  integrity sha512-RurZetXqTu4p+G0ChbnkwBuAtwAbIwJkycw1n6GvlGlBuS4u5qlr5opix8cBAYFJgaY05TWtM+LaoFggUmbZEQ==

"@rollup/rollup-darwin-arm64@4.44.1":
  version "4.44.1"
  resolved "https://registry.yarnpkg.com/@rollup/rollup-darwin-arm64/-/rollup-darwin-arm64-4.44.1.tgz#972c227bc89fe8a38a3f0c493e1966900e4e1ff7"
  integrity sha512-fM/xPesi7g2M7chk37LOnmnSTHLG/v2ggWqKj3CCA1rMA4mm5KVBT1fNoswbo1JhPuNNZrVwpTvlCVggv8A2zg==

"@rollup/rollup-darwin-x64@4.44.1":
  version "4.44.1"
  resolved "https://registry.yarnpkg.com/@rollup/rollup-darwin-x64/-/rollup-darwin-x64-4.44.1.tgz#96c919dcb87a5aa7dec5f7f77d90de881e578fdd"
  integrity sha512-gDnWk57urJrkrHQ2WVx9TSVTH7lSlU7E3AFqiko+bgjlh78aJ88/3nycMax52VIVjIm3ObXnDL2H00e/xzoipw==

"@rollup/rollup-freebsd-arm64@4.44.1":
  version "4.44.1"
  resolved "https://registry.yarnpkg.com/@rollup/rollup-freebsd-arm64/-/rollup-freebsd-arm64-4.44.1.tgz#d199d8eaef830179c0c95b7a6e5455e893d1102c"
  integrity sha512-wnFQmJ/zPThM5zEGcnDcCJeYJgtSLjh1d//WuHzhf6zT3Md1BvvhJnWoy+HECKu2bMxaIcfWiu3bJgx6z4g2XA==

"@rollup/rollup-freebsd-x64@4.44.1":
  version "4.44.1"
  resolved "https://registry.yarnpkg.com/@rollup/rollup-freebsd-x64/-/rollup-freebsd-x64-4.44.1.tgz#cab01f9e06ca756c1fabe87d64825ae016af4713"
  integrity sha512-uBmIxoJ4493YATvU2c0upGz87f99e3wop7TJgOA/bXMFd2SvKCI7xkxY/5k50bv7J6dw1SXT4MQBQSLn8Bb/Uw==

"@rollup/rollup-linux-arm-gnueabihf@4.44.1":
  version "4.44.1"
  resolved "https://registry.yarnpkg.com/@rollup/rollup-linux-arm-gnueabihf/-/rollup-linux-arm-gnueabihf-4.44.1.tgz#f6f1c42036dba0e58dc2315305429beff0d02c78"
  integrity sha512-n0edDmSHlXFhrlmTK7XBuwKlG5MbS7yleS1cQ9nn4kIeW+dJH+ExqNgQ0RrFRew8Y+0V/x6C5IjsHrJmiHtkxQ==

"@rollup/rollup-linux-arm-musleabihf@4.44.1":
  version "4.44.1"
  resolved "https://registry.yarnpkg.com/@rollup/rollup-linux-arm-musleabihf/-/rollup-linux-arm-musleabihf-4.44.1.tgz#1157e98e740facf858993fb51431dce3a4a96239"
  integrity sha512-8WVUPy3FtAsKSpyk21kV52HCxB+me6YkbkFHATzC2Yd3yuqHwy2lbFL4alJOLXKljoRw08Zk8/xEj89cLQ/4Nw==

"@rollup/rollup-linux-arm64-gnu@4.44.1":
  version "4.44.1"
  resolved "https://registry.yarnpkg.com/@rollup/rollup-linux-arm64-gnu/-/rollup-linux-arm64-gnu-4.44.1.tgz#b39db73f8a4c22e7db31a4f3fd45170105f33265"
  integrity sha512-yuktAOaeOgorWDeFJggjuCkMGeITfqvPgkIXhDqsfKX8J3jGyxdDZgBV/2kj/2DyPaLiX6bPdjJDTu9RB8lUPQ==

"@rollup/rollup-linux-arm64-musl@4.44.1":
  version "4.44.1"
  resolved "https://registry.yarnpkg.com/@rollup/rollup-linux-arm64-musl/-/rollup-linux-arm64-musl-4.44.1.tgz#4043398049fe4449c1485312d1ae9ad8af4056dd"
  integrity sha512-W+GBM4ifET1Plw8pdVaecwUgxmiH23CfAUj32u8knq0JPFyK4weRy6H7ooxYFD19YxBulL0Ktsflg5XS7+7u9g==

"@rollup/rollup-linux-loongarch64-gnu@4.44.1":
  version "4.44.1"
  resolved "https://registry.yarnpkg.com/@rollup/rollup-linux-loongarch64-gnu/-/rollup-linux-loongarch64-gnu-4.44.1.tgz#855a80e7e86490da15a85dcce247dbc25265bc08"
  integrity sha512-1zqnUEMWp9WrGVuVak6jWTl4fEtrVKfZY7CvcBmUUpxAJ7WcSowPSAWIKa/0o5mBL/Ij50SIf9tuirGx63Ovew==

"@rollup/rollup-linux-powerpc64le-gnu@4.44.1":
  version "4.44.1"
  resolved "https://registry.yarnpkg.com/@rollup/rollup-linux-powerpc64le-gnu/-/rollup-linux-powerpc64le-gnu-4.44.1.tgz#8cf843cb7ab1d42e1dda680937cf0a2db6d59047"
  integrity sha512-Rl3JKaRu0LHIx7ExBAAnf0JcOQetQffaw34T8vLlg9b1IhzcBgaIdnvEbbsZq9uZp3uAH+JkHd20Nwn0h9zPjA==

"@rollup/rollup-linux-riscv64-gnu@4.44.1":
  version "4.44.1"
  resolved "https://registry.yarnpkg.com/@rollup/rollup-linux-riscv64-gnu/-/rollup-linux-riscv64-gnu-4.44.1.tgz#287c085472976c8711f16700326f736a527f2f38"
  integrity sha512-j5akelU3snyL6K3N/iX7otLBIl347fGwmd95U5gS/7z6T4ftK288jKq3A5lcFKcx7wwzb5rgNvAg3ZbV4BqUSw==

"@rollup/rollup-linux-riscv64-musl@4.44.1":
  version "4.44.1"
  resolved "https://registry.yarnpkg.com/@rollup/rollup-linux-riscv64-musl/-/rollup-linux-riscv64-musl-4.44.1.tgz#095ad5e53a54ba475979f1b3226b92440c95c892"
  integrity sha512-ppn5llVGgrZw7yxbIm8TTvtj1EoPgYUAbfw0uDjIOzzoqlZlZrLJ/KuiE7uf5EpTpCTrNt1EdtzF0naMm0wGYg==

"@rollup/rollup-linux-s390x-gnu@4.44.1":
  version "4.44.1"
  resolved "https://registry.yarnpkg.com/@rollup/rollup-linux-s390x-gnu/-/rollup-linux-s390x-gnu-4.44.1.tgz#a3dec8281d8f2aef1703e48ebc65d29fe847933c"
  integrity sha512-Hu6hEdix0oxtUma99jSP7xbvjkUM/ycke/AQQ4EC5g7jNRLLIwjcNwaUy95ZKBJJwg1ZowsclNnjYqzN4zwkAw==

"@rollup/rollup-linux-x64-gnu@4.44.1":
  version "4.44.1"
  resolved "https://registry.yarnpkg.com/@rollup/rollup-linux-x64-gnu/-/rollup-linux-x64-gnu-4.44.1.tgz#4b211e6fd57edd6a134740f4f8e8ea61972ff2c5"
  integrity sha512-EtnsrmZGomz9WxK1bR5079zee3+7a+AdFlghyd6VbAjgRJDbTANJ9dcPIPAi76uG05micpEL+gPGmAKYTschQw==

"@rollup/rollup-linux-x64-musl@4.44.1":
  version "4.44.1"
  resolved "https://registry.yarnpkg.com/@rollup/rollup-linux-x64-musl/-/rollup-linux-x64-musl-4.44.1.tgz#3ecbf8e21b4157e57bb15dc6837b6db851f9a336"
  integrity sha512-iAS4p+J1az6Usn0f8xhgL4PaU878KEtutP4hqw52I4IO6AGoyOkHCxcc4bqufv1tQLdDWFx8lR9YlwxKuv3/3g==

"@rollup/rollup-win32-arm64-msvc@4.44.1":
  version "4.44.1"
  resolved "https://registry.yarnpkg.com/@rollup/rollup-win32-arm64-msvc/-/rollup-win32-arm64-msvc-4.44.1.tgz#d4aae38465b2ad200557b53c8c817266a3ddbfd0"
  integrity sha512-NtSJVKcXwcqozOl+FwI41OH3OApDyLk3kqTJgx8+gp6On9ZEt5mYhIsKNPGuaZr3p9T6NWPKGU/03Vw4CNU9qg==

"@rollup/rollup-win32-ia32-msvc@4.44.1":
  version "4.44.1"
  resolved "https://registry.yarnpkg.com/@rollup/rollup-win32-ia32-msvc/-/rollup-win32-ia32-msvc-4.44.1.tgz#0258e8ca052abd48b23fd6113360fa0cd1ec3e23"
  integrity sha512-JYA3qvCOLXSsnTR3oiyGws1Dm0YTuxAAeaYGVlGpUsHqloPcFjPg+X0Fj2qODGLNwQOAcCiQmHub/V007kiH5A==

"@rollup/rollup-win32-x64-msvc@4.44.1":
  version "4.44.1"
  resolved "https://registry.yarnpkg.com/@rollup/rollup-win32-x64-msvc/-/rollup-win32-x64-msvc-4.44.1.tgz#1c982f6a5044ffc2a35cd754a0951bdcb44d5ba0"
  integrity sha512-J8o22LuF0kTe7m+8PvW9wk3/bRq5+mRo5Dqo6+vXb7otCm3TPhYOJqOaQtGU9YMWQSL3krMnoOxMr0+9E6F3Ug==

"@tauri-apps/api@^2", "@tauri-apps/api@^2.6.0":
  version "2.6.0"
  resolved "https://registry.yarnpkg.com/@tauri-apps/api/-/api-2.6.0.tgz#efd873bf04b0d72cea81f9397e16218f5deafe0f"
  integrity sha512-hRNcdercfgpzgFrMXWwNDBN0B7vNzOzRepy6ZAmhxi5mDLVPNrTpo9MGg2tN/F7JRugj4d2aF7E1rtPXAHaetg==

"@tauri-apps/cli-darwin-arm64@2.6.1":
  version "2.6.1"
  resolved "https://registry.yarnpkg.com/@tauri-apps/cli-darwin-arm64/-/cli-darwin-arm64-2.6.1.tgz#25943beb28ca0811717f1ad0b06f80686358deb4"
  integrity sha512-67aVLeXcJrl9D+4xQLR8NCQYKXQyZB96Tai+uy53jOY0u+uKvFngjbSS9CmntILFhLWoueDxQj3Ws5OSvjekiA==

"@tauri-apps/cli-darwin-x64@2.6.1":
  version "2.6.1"
  resolved "https://registry.yarnpkg.com/@tauri-apps/cli-darwin-x64/-/cli-darwin-x64-2.6.1.tgz#ccfc9bf465657e5c3535e72d9890226292c698d4"
  integrity sha512-6mQp/VikM0pKVKau1p/NMVyGq1JakOFbk6YlCzwdd04OwmiDuVe9PTxzqcA/JnqWXEhSGlRKeyMXUxqifPBPYw==

"@tauri-apps/cli-linux-arm-gnueabihf@2.6.1":
  version "2.6.1"
  resolved "https://registry.yarnpkg.com/@tauri-apps/cli-linux-arm-gnueabihf/-/cli-linux-arm-gnueabihf-2.6.1.tgz#c4659e4204f29a82a85006fe7478b2519296e5f1"
  integrity sha512-iY9cr2k3h2nh6I0bExEWCOgWloN4q0p/evhfNBIAIly1kycy+xWHEsFj2WfzU31Ce8RkqxilPHNuCp36gDM+Yw==

"@tauri-apps/cli-linux-arm64-gnu@2.6.1":
  version "2.6.1"
  resolved "https://registry.yarnpkg.com/@tauri-apps/cli-linux-arm64-gnu/-/cli-linux-arm64-gnu-2.6.1.tgz#ac4a4284cbd51f0f1dcb173a55f846bd09d80772"
  integrity sha512-AT+SpHShi/uJipzj+A9kHPDUgZfzHYyl0B3/4UXYtHB9hQfQUmjh9wLadmx0ai/ESyJFxkJJK6FFRvxotQ3gIQ==

"@tauri-apps/cli-linux-arm64-musl@2.6.1":
  version "2.6.1"
  resolved "https://registry.yarnpkg.com/@tauri-apps/cli-linux-arm64-musl/-/cli-linux-arm64-musl-2.6.1.tgz#a7bd1c0c568c59369e6f29131a7e2b7e72dddbc6"
  integrity sha512-CCgE0uqcWTtU48TmK/J03h5x/hxi3PEc11ci3LQ9WqIE15btyhynNzDKbxKwOyDCMcfbDT+MweoiCPnely2ZRA==

"@tauri-apps/cli-linux-riscv64-gnu@2.6.1":
  version "2.6.1"
  resolved "https://registry.yarnpkg.com/@tauri-apps/cli-linux-riscv64-gnu/-/cli-linux-riscv64-gnu-2.6.1.tgz#edcf237b61e8749da25000c75731633edd4be38d"
  integrity sha512-2i3MYr2oKaJk7Tz2FZ+R5x8cV827CudvEXW6FzCER26pfx/PofH/55N7aRQf4+qPXi5O3T+3myq88nRerzHr6g==

"@tauri-apps/cli-linux-x64-gnu@2.6.1":
  version "2.6.1"
  resolved "https://registry.yarnpkg.com/@tauri-apps/cli-linux-x64-gnu/-/cli-linux-x64-gnu-2.6.1.tgz#a5da9f81bbe79034d01e8d01058c71dfa11c4d27"
  integrity sha512-of5i3FW1tjTXECtMdirQsQnVIzcKq1s5Cad9YLVa6agEnFnZbFU3rKQ6/Wfu5SZbjSiI7SBO1hksjIAq1vkVcg==

"@tauri-apps/cli-linux-x64-musl@2.6.1":
  version "2.6.1"
  resolved "https://registry.yarnpkg.com/@tauri-apps/cli-linux-x64-musl/-/cli-linux-x64-musl-2.6.1.tgz#35c37a8a8f5840f27c35e92ab1e7348981057d57"
  integrity sha512-QfAgg7VIlOrTa2X3fBLRp6ugbC5ZonSWgVhNCLDgHLp5Cga41XOi5qU7ZtZhjjCdcWNiE0DtBQmSb1YVhCp+SA==

"@tauri-apps/cli-win32-arm64-msvc@2.6.1":
  version "2.6.1"
  resolved "https://registry.yarnpkg.com/@tauri-apps/cli-win32-arm64-msvc/-/cli-win32-arm64-msvc-2.6.1.tgz#9b55a3807ef0da31e1f1778d059843267d80dcaa"
  integrity sha512-ee1h3jwamumGjLEXZA4VsSUcVWTtGpuvxy+nqFfu7wb2k6IcBrFEJGa6yXa7sQjuCAAorLfSIXGuDEJARqnpFw==

"@tauri-apps/cli-win32-ia32-msvc@2.6.1":
  version "2.6.1"
  resolved "https://registry.yarnpkg.com/@tauri-apps/cli-win32-ia32-msvc/-/cli-win32-ia32-msvc-2.6.1.tgz#3db9f40ea375912e448dfd1076cdcbc53e376e7f"
  integrity sha512-WEZVYekxuG9X9mFJEeJPHsSAl8sHOEEbJQriim+OziFbLA9pv/gfcRRqsbmEJL8uBC8GLTEOdUVolohwXk6S9g==

"@tauri-apps/cli-win32-x64-msvc@2.6.1":
  version "2.6.1"
  resolved "https://registry.yarnpkg.com/@tauri-apps/cli-win32-x64-msvc/-/cli-win32-x64-msvc-2.6.1.tgz#61769c8fad1fd78523d8f12287bf56457e19d308"
  integrity sha512-fBsjPqIIHaaQt7tnjIGmPHu5p/BNBVD4JfOhO3QqIVBzAb+W2bDyIQPdoDMI943soLr/+N10xeTiPu+3L74+dQ==

"@tauri-apps/cli@^2":
  version "2.6.1"
  resolved "https://registry.yarnpkg.com/@tauri-apps/cli/-/cli-2.6.1.tgz#146a5f75b0d07c4724adf32e9a39253e9827c423"
  integrity sha512-8NrwfZjeyKH1zwg+Xu4epx8WLjffoiW1Zs9CCFYCJns7uUghzudDm92o+8ROosg5Njlvp1GXBuIRsdrEwBsDhg==
  optionalDependencies:
    "@tauri-apps/cli-darwin-arm64" "2.6.1"
    "@tauri-apps/cli-darwin-x64" "2.6.1"
    "@tauri-apps/cli-linux-arm-gnueabihf" "2.6.1"
    "@tauri-apps/cli-linux-arm64-gnu" "2.6.1"
    "@tauri-apps/cli-linux-arm64-musl" "2.6.1"
    "@tauri-apps/cli-linux-riscv64-gnu" "2.6.1"
    "@tauri-apps/cli-linux-x64-gnu" "2.6.1"
    "@tauri-apps/cli-linux-x64-musl" "2.6.1"
    "@tauri-apps/cli-win32-arm64-msvc" "2.6.1"
    "@tauri-apps/cli-win32-ia32-msvc" "2.6.1"
    "@tauri-apps/cli-win32-x64-msvc" "2.6.1"

"@tauri-apps/plugin-opener@^2":
  version "2.4.0"
  resolved "https://registry.yarnpkg.com/@tauri-apps/plugin-opener/-/plugin-opener-2.4.0.tgz#57eae5998e1c396791af16832a9dde16eca06439"
  integrity sha512-43VyN8JJtvKWJY72WI/KNZszTpDpzHULFxQs0CJBIYUdCRowQ6Q1feWTDb979N7nldqSuDOaBupZ6wz2nvuWwQ==
  dependencies:
    "@tauri-apps/api" "^2.6.0"

"@types/estree@1.0.8":
  version "1.0.8"
  resolved "https://registry.yarnpkg.com/@types/estree/-/estree-1.0.8.tgz#958b91c991b1867ced318bedea0e215ee050726e"
  integrity sha512-dWHzHa2WqEXI/O1E9OjrocMTKJl2mSrEolh1Iomrv6U+JuNwaHXsXx9bLu5gG7BUWFIN0skIQJQ/L1rIex4X6w==

"@vitejs/plugin-vue@^5.2.1":
  version "5.2.4"
  resolved "https://registry.yarnpkg.com/@vitejs/plugin-vue/-/plugin-vue-5.2.4.tgz#9e8a512eb174bfc2a333ba959bbf9de428d89ad8"
  integrity sha512-7Yx/SXSOcQq5HiiV3orevHUFn+pmMB4cgbEkDYgnkUWb0WfeQ/wa2yFv6D5ICiCQOVpjA7vYDXrC7AGO8yjDHA==

"@volar/language-core@2.4.15", "@volar/language-core@~2.4.11":
  version "2.4.15"
  resolved "https://registry.yarnpkg.com/@volar/language-core/-/language-core-2.4.15.tgz#759d04cb4eab9920560b8bcfa4515d5b08a1b7ce"
  integrity sha512-3VHw+QZU0ZG9IuQmzT68IyN4hZNd9GchGPhbD9+pa8CVv7rnoOZwo7T8weIbrRmihqy3ATpdfXFnqRrfPVK6CA==
  dependencies:
    "@volar/source-map" "2.4.15"

"@volar/source-map@2.4.15":
  version "2.4.15"
  resolved "https://registry.yarnpkg.com/@volar/source-map/-/source-map-2.4.15.tgz#18aba09994c0268e59a418f9d738e4a85302781d"
  integrity sha512-CPbMWlUN6hVZJYGcU/GSoHu4EnCHiLaXI9n8c9la6RaI9W5JHX+NqG+GSQcB0JdC2FIBLdZJwGsfKyBB71VlTg==

"@volar/typescript@~2.4.11":
  version "2.4.15"
  resolved "https://registry.yarnpkg.com/@volar/typescript/-/typescript-2.4.15.tgz#1445d23f8e4f9ad821b6bfa58cf4a2b980dc5f97"
  integrity sha512-2aZ8i0cqPGjXb4BhkMsPYDkkuc2ZQ6yOpqwAuNwUoncELqoy5fRgOQtLR9gB0g902iS0NAkvpIzs27geVyVdPg==
  dependencies:
    "@volar/language-core" "2.4.15"
    path-browserify "^1.0.1"
    vscode-uri "^3.0.8"

"@vue/compiler-core@3.5.17":
  version "3.5.17"
  resolved "https://registry.yarnpkg.com/@vue/compiler-core/-/compiler-core-3.5.17.tgz#23d291bd01b863da3ef2e26e7db84d8e01a9b4c5"
  integrity sha512-Xe+AittLbAyV0pabcN7cP7/BenRBNcteM4aSDCtRvGw0d9OL+HG1u/XHLY/kt1q4fyMeZYXyIYrsHuPSiDPosA==
  dependencies:
    "@babel/parser" "^7.27.5"
    "@vue/shared" "3.5.17"
    entities "^4.5.0"
    estree-walker "^2.0.2"
    source-map-js "^1.2.1"

"@vue/compiler-dom@3.5.17", "@vue/compiler-dom@^3.5.0":
  version "3.5.17"
  resolved "https://registry.yarnpkg.com/@vue/compiler-dom/-/compiler-dom-3.5.17.tgz#7bc19a20e23b670243a64b47ce3a890239b870be"
  integrity sha512-+2UgfLKoaNLhgfhV5Ihnk6wB4ljyW1/7wUIog2puUqajiC29Lp5R/IKDdkebh9jTbTogTbsgB+OY9cEWzG95JQ==
  dependencies:
    "@vue/compiler-core" "3.5.17"
    "@vue/shared" "3.5.17"

"@vue/compiler-sfc@3.5.17":
  version "3.5.17"
  resolved "https://registry.yarnpkg.com/@vue/compiler-sfc/-/compiler-sfc-3.5.17.tgz#c518871276e26593612bdab36f3f5bcd053b13bf"
  integrity sha512-rQQxbRJMgTqwRugtjw0cnyQv9cP4/4BxWfTdRBkqsTfLOHWykLzbOc3C4GGzAmdMDxhzU/1Ija5bTjMVrddqww==
  dependencies:
    "@babel/parser" "^7.27.5"
    "@vue/compiler-core" "3.5.17"
    "@vue/compiler-dom" "3.5.17"
    "@vue/compiler-ssr" "3.5.17"
    "@vue/shared" "3.5.17"
    estree-walker "^2.0.2"
    magic-string "^0.30.17"
    postcss "^8.5.6"
    source-map-js "^1.2.1"

"@vue/compiler-ssr@3.5.17":
  version "3.5.17"
  resolved "https://registry.yarnpkg.com/@vue/compiler-ssr/-/compiler-ssr-3.5.17.tgz#14ba3b7bba6e0e1fd02002316263165a5d1046c7"
  integrity sha512-hkDbA0Q20ZzGgpj5uZjb9rBzQtIHLS78mMilwrlpWk2Ep37DYntUz0PonQ6kr113vfOEdM+zTBuJDaceNIW0tQ==
  dependencies:
    "@vue/compiler-dom" "3.5.17"
    "@vue/shared" "3.5.17"

"@vue/compiler-vue2@^2.7.16":
  version "2.7.16"
  resolved "https://registry.yarnpkg.com/@vue/compiler-vue2/-/compiler-vue2-2.7.16.tgz#2ba837cbd3f1b33c2bc865fbe1a3b53fb611e249"
  integrity sha512-qYC3Psj9S/mfu9uVi5WvNZIzq+xnXMhOwbTFKKDD7b1lhpnn71jXSFdTQ+WsIEk0ONCd7VV2IMm7ONl6tbQ86A==
  dependencies:
    de-indent "^1.0.2"
    he "^1.2.0"

"@vue/language-core@2.2.10":
  version "2.2.10"
  resolved "https://registry.yarnpkg.com/@vue/language-core/-/language-core-2.2.10.tgz#5ae1e71a4e16dd59d1e4bac167f4b9c8c04d9f17"
  integrity sha512-+yNoYx6XIKuAO8Mqh1vGytu8jkFEOH5C8iOv3i8Z/65A7x9iAOXA97Q+PqZ3nlm2lxf5rOJuIGI/wDtx/riNYw==
  dependencies:
    "@volar/language-core" "~2.4.11"
    "@vue/compiler-dom" "^3.5.0"
    "@vue/compiler-vue2" "^2.7.16"
    "@vue/shared" "^3.5.0"
    alien-signals "^1.0.3"
    minimatch "^9.0.3"
    muggle-string "^0.4.1"
    path-browserify "^1.0.1"

"@vue/reactivity@3.5.17":
  version "3.5.17"
  resolved "https://registry.yarnpkg.com/@vue/reactivity/-/reactivity-3.5.17.tgz#169b5dcf96c7f23788e5ed9745ec8a7227f2125e"
  integrity sha512-l/rmw2STIscWi7SNJp708FK4Kofs97zc/5aEPQh4bOsReD/8ICuBcEmS7KGwDj5ODQLYWVN2lNibKJL1z5b+Lw==
  dependencies:
    "@vue/shared" "3.5.17"

"@vue/runtime-core@3.5.17":
  version "3.5.17"
  resolved "https://registry.yarnpkg.com/@vue/runtime-core/-/runtime-core-3.5.17.tgz#b17bd41e13011e85e9b1025545292d43f5512730"
  integrity sha512-QQLXa20dHg1R0ri4bjKeGFKEkJA7MMBxrKo2G+gJikmumRS7PTD4BOU9FKrDQWMKowz7frJJGqBffYMgQYS96Q==
  dependencies:
    "@vue/reactivity" "3.5.17"
    "@vue/shared" "3.5.17"

"@vue/runtime-dom@3.5.17":
  version "3.5.17"
  resolved "https://registry.yarnpkg.com/@vue/runtime-dom/-/runtime-dom-3.5.17.tgz#8e325e29cd03097fe179032fc8df384a426fc83a"
  integrity sha512-8El0M60TcwZ1QMz4/os2MdlQECgGoVHPuLnQBU3m9h3gdNRW9xRmI8iLS4t/22OQlOE6aJvNNlBiCzPHur4H9g==
  dependencies:
    "@vue/reactivity" "3.5.17"
    "@vue/runtime-core" "3.5.17"
    "@vue/shared" "3.5.17"
    csstype "^3.1.3"

"@vue/server-renderer@3.5.17":
  version "3.5.17"
  resolved "https://registry.yarnpkg.com/@vue/server-renderer/-/server-renderer-3.5.17.tgz#9b8fd6a40a3d55322509fafe78ac841ede649fbe"
  integrity sha512-BOHhm8HalujY6lmC3DbqF6uXN/K00uWiEeF22LfEsm9Q93XeJ/plHTepGwf6tqFcF7GA5oGSSAAUock3VvzaCA==
  dependencies:
    "@vue/compiler-ssr" "3.5.17"
    "@vue/shared" "3.5.17"

"@vue/shared@3.5.17", "@vue/shared@^3.5.0":
  version "3.5.17"
  resolved "https://registry.yarnpkg.com/@vue/shared/-/shared-3.5.17.tgz#e8b3a41f0be76499882a89e8ed40d86a70fa4b70"
  integrity sha512-CabR+UN630VnsJO/jHWYBC1YVXyMq94KKp6iF5MQgZJs5I8cmjw6oVMO1oDbtBkENSHSSn/UadWlW/OAgdmKrg==

alien-signals@^1.0.3:
  version "1.0.13"
  resolved "https://registry.yarnpkg.com/alien-signals/-/alien-signals-1.0.13.tgz#8d6db73462f742ee6b89671fbd8c37d0b1727a7e"
  integrity sha512-OGj9yyTnJEttvzhTUWuscOvtqxq5vrhF7vL9oS0xJ2mK0ItPYP1/y+vCFebfxoEyAz0++1AIwJ5CMr+Fk3nDmg==

balanced-match@^1.0.0:
  version "1.0.2"
  resolved "https://registry.yarnpkg.com/balanced-match/-/balanced-match-1.0.2.tgz#e83e3a7e3f300b34cb9d87f615fa0cbf357690ee"
  integrity sha512-3oSeUO0TMV67hN1AmbXsK4yaqU7tjiHlbxRDZOpH0KW9+CeX4bRAaX0Anxt0tx2MrpRpWwQaPwIlISEJhYU5Pw==

brace-expansion@^2.0.1:
  version "2.0.2"
  resolved "https://registry.yarnpkg.com/brace-expansion/-/brace-expansion-2.0.2.tgz#54fc53237a613d854c7bd37463aad17df87214e7"
  integrity sha512-Jt0vHyM+jmUBqojB7E1NIYadt0vI0Qxjxd2TErW94wDz+E2LAm5vKMXXwg6ZZBTHPuUlDgQHKXvjGBdfcF1ZDQ==
  dependencies:
    balanced-match "^1.0.0"

buffer-builder@^0.2.0:
  version "0.2.0"
  resolved "https://registry.yarnpkg.com/buffer-builder/-/buffer-builder-0.2.0.tgz#3322cd307d8296dab1f604618593b261a3fade8f"
  integrity sha512-7VPMEPuYznPSoR21NE1zvd2Xna6c/CloiZCfcMXR1Jny6PjX0N4Nsa38zcBFo/FMK+BlA+FLKbJCQ0i2yxp+Xg==

colorjs.io@^0.5.0:
  version "0.5.2"
  resolved "https://registry.yarnpkg.com/colorjs.io/-/colorjs.io-0.5.2.tgz#63b20139b007591ebc3359932bef84628eb3fcef"
  integrity sha512-twmVoizEW7ylZSN32OgKdXRmo1qg+wT5/6C3xu5b9QsWzSFAhHLn2xd8ro0diCsKfCj1RdaTP/nrcW+vAoQPIw==

csstype@^3.1.3:
  version "3.1.3"
  resolved "https://registry.yarnpkg.com/csstype/-/csstype-3.1.3.tgz#d80ff294d114fb0e6ac500fbf85b60137d7eff81"
  integrity sha512-M1uQkMl8rQK/szD0LNhtqxIPLpimGm8sOBwU7lLnCpSbTyY3yeU1Vc7l4KT5zT4s/yOxHH5O7tIuuLOCnLADRw==

de-indent@^1.0.2:
  version "1.0.2"
  resolved "https://registry.yarnpkg.com/de-indent/-/de-indent-1.0.2.tgz#b2038e846dc33baa5796128d0804b455b8c1e21d"
  integrity sha512-e/1zu3xH5MQryN2zdVaF0OrdNLUbvWxzMbi+iNA6Bky7l1RoP8a2fIbRocyHclXt/arDrrR6lL3TqFD9pMQTsg==

entities@^4.5.0:
  version "4.5.0"
  resolved "https://registry.yarnpkg.com/entities/-/entities-4.5.0.tgz#5d268ea5e7113ec74c4d033b79ea5a35a488fb48"
  integrity sha512-V0hjH4dGPh9Ao5p0MoRY6BVqtwCjhz6vI5LT8AJ55H+4g9/4vbHx1I54fS0XuclLhDHArPQCiMjDxjaL8fPxhw==

esbuild@^0.25.0:
  version "0.25.5"
  resolved "https://registry.yarnpkg.com/esbuild/-/esbuild-0.25.5.tgz#71075054993fdfae76c66586f9b9c1f8d7edd430"
  integrity sha512-P8OtKZRv/5J5hhz0cUAdu/cLuPIKXpQl1R9pZtvmHWQvrAUVd0UNIPT4IB4W3rNOqVO0rlqHmCIbSwxh/c9yUQ==
  optionalDependencies:
    "@esbuild/aix-ppc64" "0.25.5"
    "@esbuild/android-arm" "0.25.5"
    "@esbuild/android-arm64" "0.25.5"
    "@esbuild/android-x64" "0.25.5"
    "@esbuild/darwin-arm64" "0.25.5"
    "@esbuild/darwin-x64" "0.25.5"
    "@esbuild/freebsd-arm64" "0.25.5"
    "@esbuild/freebsd-x64" "0.25.5"
    "@esbuild/linux-arm" "0.25.5"
    "@esbuild/linux-arm64" "0.25.5"
    "@esbuild/linux-ia32" "0.25.5"
    "@esbuild/linux-loong64" "0.25.5"
    "@esbuild/linux-mips64el" "0.25.5"
    "@esbuild/linux-ppc64" "0.25.5"
    "@esbuild/linux-riscv64" "0.25.5"
    "@esbuild/linux-s390x" "0.25.5"
    "@esbuild/linux-x64" "0.25.5"
    "@esbuild/netbsd-arm64" "0.25.5"
    "@esbuild/netbsd-x64" "0.25.5"
    "@esbuild/openbsd-arm64" "0.25.5"
    "@esbuild/openbsd-x64" "0.25.5"
    "@esbuild/sunos-x64" "0.25.5"
    "@esbuild/win32-arm64" "0.25.5"
    "@esbuild/win32-ia32" "0.25.5"
    "@esbuild/win32-x64" "0.25.5"

estree-walker@^2.0.2:
  version "2.0.2"
  resolved "https://registry.yarnpkg.com/estree-walker/-/estree-walker-2.0.2.tgz#52f010178c2a4c117a7757cfe942adb7d2da4cac"
  integrity sha512-Rfkk/Mp/DL7JVje3u18FxFujQlTNR2q6QfMSMB7AvCBx91NGj/ba3kCfza0f6dVDbw7YlRf/nDrn7pQrCCyQ/w==

fdir@^6.4.4:
  version "6.4.6"
  resolved "https://registry.yarnpkg.com/fdir/-/fdir-6.4.6.tgz#2b268c0232697063111bbf3f64810a2a741ba281"
  integrity sha512-hiFoqpyZcfNm1yc4u8oWCf9A2c4D3QjCrks3zmoVKVxpQRzmPNar1hUJcBG2RQHvEVGDN+Jm81ZheVLAQMK6+w==

fsevents@~2.3.2, fsevents@~2.3.3:
  version "2.3.3"
  resolved "https://registry.yarnpkg.com/fsevents/-/fsevents-2.3.3.tgz#cac6407785d03675a2a5e1a5305c697b347d90d6"
  integrity sha512-5xoDfX+fL7faATnagmWPpbFtwh/R77WmMMqqHGS65C3vvB0YHrgF+B1YmZ3441tMj5n63k0212XNoJwzlhffQw==

has-flag@^4.0.0:
  version "4.0.0"
  resolved "https://registry.yarnpkg.com/has-flag/-/has-flag-4.0.0.tgz#944771fd9c81c81265c4d6941860da06bb59479b"
  integrity sha512-EykJT/Q1KjTWctppgIAgfSO0tKVuZUjhgMr17kqTumMl6Afv3EISleU7qZUzoXDFTAHTDC4NOoG/ZxU3EvlMPQ==

he@^1.2.0:
  version "1.2.0"
  resolved "https://registry.yarnpkg.com/he/-/he-1.2.0.tgz#84ae65fa7eafb165fddb61566ae14baf05664f0f"
  integrity sha512-F/1DnUGPopORZi0ni+CvrCgHQ5FyEAHRLSApuYWMmrbSwoN2Mn/7k+Gl38gJnR7yyDZk6WLXwiGod1JOWNDKGw==

immutable@^5.0.2:
  version "5.1.3"
  resolved "https://registry.yarnpkg.com/immutable/-/immutable-5.1.3.tgz#e6486694c8b76c37c063cca92399fa64098634d4"
  integrity sha512-+chQdDfvscSF1SJqv2gn4SRO2ZyS3xL3r7IW/wWEEzrzLisnOlKiQu5ytC/BVNcS15C39WT2Hg/bjKjDMcu+zg==

magic-string@^0.30.17:
  version "0.30.17"
  resolved "https://registry.yarnpkg.com/magic-string/-/magic-string-0.30.17.tgz#450a449673d2460e5bbcfba9a61916a1714c7453"
  integrity sha512-sNPKHvyjVf7gyjwS4xGTaW/mCnF8wnjtifKBEhxfZ7E/S8tQ0rssrwGNn6q8JH/ohItJfSQp9mBtQYuTlH5QnA==
  dependencies:
    "@jridgewell/sourcemap-codec" "^1.5.0"

minimatch@^9.0.3:
  version "9.0.5"
  resolved "https://registry.yarnpkg.com/minimatch/-/minimatch-9.0.5.tgz#d74f9dd6b57d83d8e98cfb82133b03978bc929e5"
  integrity sha512-G6T0ZX48xgozx7587koeX9Ys2NYy6Gmv//P89sEte9V9whIapMNF4idKxnW2QtCcLiTWlb/wfCabAtAFWhhBow==
  dependencies:
    brace-expansion "^2.0.1"

muggle-string@^0.4.1:
  version "0.4.1"
  resolved "https://registry.yarnpkg.com/muggle-string/-/muggle-string-0.4.1.tgz#3b366bd43b32f809dc20659534dd30e7c8a0d328"
  integrity sha512-VNTrAak/KhO2i8dqqnqnAHOa3cYBwXEZe9h+D5h/1ZqFSTEFHdM65lR7RoIqq3tBBYavsOXV84NoHXZ0AkPyqQ==

nanoid@^3.3.11:
  version "3.3.11"
  resolved "https://registry.yarnpkg.com/nanoid/-/nanoid-3.3.11.tgz#4f4f112cefbe303202f2199838128936266d185b"
  integrity sha512-N8SpfPUnUp1bK+PMYW8qSWdl9U+wwNWI4QKxOYDy9JAro3WMX7p2OeVRF9v+347pnakNevPmiHhNmZ2HbFA76w==

path-browserify@^1.0.1:
  version "1.0.1"
  resolved "https://registry.yarnpkg.com/path-browserify/-/path-browserify-1.0.1.tgz#d98454a9c3753d5790860f16f68867b9e46be1fd"
  integrity sha512-b7uo2UCUOYZcnF/3ID0lulOJi/bafxa1xPe7ZPsammBSpjSWQkjNxlt635YGS2MiR9GjvuXCtz2emr3jbsz98g==

picocolors@^1.1.1:
  version "1.1.1"
  resolved "https://registry.yarnpkg.com/picocolors/-/picocolors-1.1.1.tgz#3d321af3eab939b083c8f929a1d12cda81c26b6b"
  integrity sha512-xceH2snhtb5M9liqDsmEw56le376mTZkEX/jEb/RxNFyegNul7eNslCXP9FDj/Lcu0X8KEyMceP2ntpaHrDEVA==

picomatch@^4.0.2:
  version "4.0.2"
  resolved "https://registry.yarnpkg.com/picomatch/-/picomatch-4.0.2.tgz#77c742931e8f3b8820946c76cd0c1f13730d1dab"
  integrity sha512-M7BAV6Rlcy5u+m6oPhAPFgJTzAioX/6B0DxyvDlo9l8+T3nLKbrczg2WLUyzd45L8RqfUMyGPzekbMvX2Ldkwg==

postcss@^8.5.3, postcss@^8.5.6:
  version "8.5.6"
  resolved "https://registry.yarnpkg.com/postcss/-/postcss-8.5.6.tgz#2825006615a619b4f62a9e7426cc120b349a8f3c"
  integrity sha512-3Ybi1tAuwAP9s0r1UQ2J4n5Y0G05bJkpUIO0/bI9MhwmD70S5aTWbXGBwxHrelT+XM1k6dM0pk+SwNkpTRN7Pg==
  dependencies:
    nanoid "^3.3.11"
    picocolors "^1.1.1"
    source-map-js "^1.2.1"

rollup@^4.34.9:
  version "4.44.1"
  resolved "https://registry.yarnpkg.com/rollup/-/rollup-4.44.1.tgz#641723932894e7acbe6052aea34b8e72ef8b7c8f"
  integrity sha512-x8H8aPvD+xbl0Do8oez5f5o8eMS3trfCghc4HhLAnCkj7Vl0d1JWGs0UF/D886zLW2rOj2QymV/JcSSsw+XDNg==
  dependencies:
    "@types/estree" "1.0.8"
  optionalDependencies:
    "@rollup/rollup-android-arm-eabi" "4.44.1"
    "@rollup/rollup-android-arm64" "4.44.1"
    "@rollup/rollup-darwin-arm64" "4.44.1"
    "@rollup/rollup-darwin-x64" "4.44.1"
    "@rollup/rollup-freebsd-arm64" "4.44.1"
    "@rollup/rollup-freebsd-x64" "4.44.1"
    "@rollup/rollup-linux-arm-gnueabihf" "4.44.1"
    "@rollup/rollup-linux-arm-musleabihf" "4.44.1"
    "@rollup/rollup-linux-arm64-gnu" "4.44.1"
    "@rollup/rollup-linux-arm64-musl" "4.44.1"
    "@rollup/rollup-linux-loongarch64-gnu" "4.44.1"
    "@rollup/rollup-linux-powerpc64le-gnu" "4.44.1"
    "@rollup/rollup-linux-riscv64-gnu" "4.44.1"
    "@rollup/rollup-linux-riscv64-musl" "4.44.1"
    "@rollup/rollup-linux-s390x-gnu" "4.44.1"
    "@rollup/rollup-linux-x64-gnu" "4.44.1"
    "@rollup/rollup-linux-x64-musl" "4.44.1"
    "@rollup/rollup-win32-arm64-msvc" "4.44.1"
    "@rollup/rollup-win32-ia32-msvc" "4.44.1"
    "@rollup/rollup-win32-x64-msvc" "4.44.1"
    fsevents "~2.3.2"

rxjs@^7.4.0:
  version "7.8.2"
  resolved "https://registry.yarnpkg.com/rxjs/-/rxjs-7.8.2.tgz#955bc473ed8af11a002a2be52071bf475638607b"
  integrity sha512-dhKf903U/PQZY6boNNtAGdWbG85WAbjT/1xYoZIC7FAY0yWapOBQVsVrDl58W86//e1VpMNBtRV4MaXfdMySFA==
  dependencies:
    tslib "^2.1.0"

sass-embedded-android-arm64@1.89.2:
  version "1.89.2"
  resolved "https://registry.yarnpkg.com/sass-embedded-android-arm64/-/sass-embedded-android-arm64-1.89.2.tgz#97546fbeeae3c7461435309b6b7022db37f65ea2"
  integrity sha512-+pq7a7AUpItNyPu61sRlP6G2A8pSPpyazASb+8AK2pVlFayCSPAEgpwpCE9A2/Xj86xJZeMizzKUHxM2CBCUxA==

sass-embedded-android-arm@1.89.2:
  version "1.89.2"
  resolved "https://registry.yarnpkg.com/sass-embedded-android-arm/-/sass-embedded-android-arm-1.89.2.tgz#02be468f924f2f9d6e93816507d3f3f200ff3836"
  integrity sha512-oHAPTboBHRZlDBhyRB6dvDKh4KvFs+DZibDHXbkSI6dBZxMTT+Yb2ivocHnctVGucKTLQeT7+OM5DjWHyynL/A==

sass-embedded-android-riscv64@1.89.2:
  version "1.89.2"
  resolved "https://registry.yarnpkg.com/sass-embedded-android-riscv64/-/sass-embedded-android-riscv64-1.89.2.tgz#d15899446b035cabacb49d20689e05823a144bc8"
  integrity sha512-HfJJWp/S6XSYvlGAqNdakeEMPOdhBkj2s2lN6SHnON54rahKem+z9pUbCriUJfM65Z90lakdGuOfidY61R9TYg==

sass-embedded-android-x64@1.89.2:
  version "1.89.2"
  resolved "https://registry.yarnpkg.com/sass-embedded-android-x64/-/sass-embedded-android-x64-1.89.2.tgz#d76c99035a0f2835006dba6cc52f13fa41a3113a"
  integrity sha512-BGPzq53VH5z5HN8de6jfMqJjnRe1E6sfnCWFd4pK+CAiuM7iw5Fx6BQZu3ikfI1l2GY0y6pRXzsVLdp/j4EKEA==

sass-embedded-darwin-arm64@1.89.2:
  version "1.89.2"
  resolved "https://registry.yarnpkg.com/sass-embedded-darwin-arm64/-/sass-embedded-darwin-arm64-1.89.2.tgz#57150b77676d4d82e84b2198f5f6983418fff04e"
  integrity sha512-UCm3RL/tzMpG7DsubARsvGUNXC5pgfQvP+RRFJo9XPIi6elopY5B6H4m9dRYDpHA+scjVthdiDwkPYr9+S/KGw==

sass-embedded-darwin-x64@1.89.2:
  version "1.89.2"
  resolved "https://registry.yarnpkg.com/sass-embedded-darwin-x64/-/sass-embedded-darwin-x64-1.89.2.tgz#b0b1c5abb1d057daaa8f8a1e2b2497478865a22d"
  integrity sha512-D9WxtDY5VYtMApXRuhQK9VkPHB8R79NIIR6xxVlN2MIdEid/TZWi1MHNweieETXhWGrKhRKglwnHxxyKdJYMnA==

sass-embedded-linux-arm64@1.89.2:
  version "1.89.2"
  resolved "https://registry.yarnpkg.com/sass-embedded-linux-arm64/-/sass-embedded-linux-arm64-1.89.2.tgz#f4d964d9773acd5e065513837d0412753e4a02a1"
  integrity sha512-2N4WW5LLsbtrWUJ7iTpjvhajGIbmDR18ZzYRywHdMLpfdPApuHPMDF5CYzHbS+LLx2UAx7CFKBnj5LLjY6eFgQ==

sass-embedded-linux-arm@1.89.2:
  version "1.89.2"
  resolved "https://registry.yarnpkg.com/sass-embedded-linux-arm/-/sass-embedded-linux-arm-1.89.2.tgz#e9cd53cb299e6e8cada56acc801b8477f9876fb0"
  integrity sha512-leP0t5U4r95dc90o8TCWfxNXwMAsQhpWxTkdtySDpngoqtTy3miMd7EYNYd1znI0FN1CBaUvbdCMbnbPwygDlA==

sass-embedded-linux-musl-arm64@1.89.2:
  version "1.89.2"
  resolved "https://registry.yarnpkg.com/sass-embedded-linux-musl-arm64/-/sass-embedded-linux-musl-arm64-1.89.2.tgz#e501d00d9cf050fcbb261b53255af85fa7c39c73"
  integrity sha512-nTyuaBX6U1A/cG7WJh0pKD1gY8hbg1m2SnzsyoFG+exQ0lBX/lwTLHq3nyhF+0atv7YYhYKbmfz+sjPP8CZ9lw==

sass-embedded-linux-musl-arm@1.89.2:
  version "1.89.2"
  resolved "https://registry.yarnpkg.com/sass-embedded-linux-musl-arm/-/sass-embedded-linux-musl-arm-1.89.2.tgz#1b073158532b72597522ebffef0658374c9c04ba"
  integrity sha512-Z6gG2FiVEEdxYHRi2sS5VIYBmp17351bWtOCUZ/thBM66+e70yiN6Eyqjz80DjL8haRUegNQgy9ZJqsLAAmr9g==

sass-embedded-linux-musl-riscv64@1.89.2:
  version "1.89.2"
  resolved "https://registry.yarnpkg.com/sass-embedded-linux-musl-riscv64/-/sass-embedded-linux-musl-riscv64-1.89.2.tgz#06542e8946885d09f2cea939092d145aeeee6d39"
  integrity sha512-N6oul+qALO0SwGY8JW7H/Vs0oZIMrRMBM4GqX3AjM/6y8JsJRxkAwnfd0fDyK+aICMFarDqQonQNIx99gdTZqw==

sass-embedded-linux-musl-x64@1.89.2:
  version "1.89.2"
  resolved "https://registry.yarnpkg.com/sass-embedded-linux-musl-x64/-/sass-embedded-linux-musl-x64-1.89.2.tgz#2fd441597a95f57d70d0c46e0e8c18ab4f52c596"
  integrity sha512-K+FmWcdj/uyP8GiG9foxOCPfb5OAZG0uSVq80DKgVSC0U44AdGjvAvVZkrgFEcZ6cCqlNC2JfYmslB5iqdL7tg==

sass-embedded-linux-riscv64@1.89.2:
  version "1.89.2"
  resolved "https://registry.yarnpkg.com/sass-embedded-linux-riscv64/-/sass-embedded-linux-riscv64-1.89.2.tgz#eeea2fbcbd5b575391a5b702092c0e8cc03f661c"
  integrity sha512-g9nTbnD/3yhOaskeqeBQETbtfDQWRgsjHok6bn7DdAuwBsyrR3JlSFyqKc46pn9Xxd9SQQZU8AzM4IR+sY0A0w==

sass-embedded-linux-x64@1.89.2:
  version "1.89.2"
  resolved "https://registry.yarnpkg.com/sass-embedded-linux-x64/-/sass-embedded-linux-x64-1.89.2.tgz#9a58127a312e7c011e3a20470ff5707b9aa78536"
  integrity sha512-Ax7dKvzncyQzIl4r7012KCMBvJzOz4uwSNoyoM5IV6y5I1f5hEwI25+U4WfuTqdkv42taCMgpjZbh9ERr6JVMQ==

sass-embedded-win32-arm64@1.89.2:
  version "1.89.2"
  resolved "https://registry.yarnpkg.com/sass-embedded-win32-arm64/-/sass-embedded-win32-arm64-1.89.2.tgz#7e9ddcb5abe3a8eca370909686da37da60f97c85"
  integrity sha512-j96iJni50ZUsfD6tRxDQE2QSYQ2WrfHxeiyAXf41Kw0V4w5KYR/Sf6rCZQLMTUOHnD16qTMVpQi20LQSqf4WGg==

sass-embedded-win32-x64@1.89.2:
  version "1.89.2"
  resolved "https://registry.yarnpkg.com/sass-embedded-win32-x64/-/sass-embedded-win32-x64-1.89.2.tgz#9f5c71b611a8edbc40e1c8cc47bd20d8a4bdf13a"
  integrity sha512-cS2j5ljdkQsb4PaORiClaVYynE9OAPZG/XjbOMxpQmjRIf7UroY4PEIH+Waf+y47PfXFX9SyxhYuw2NIKGbEng==

sass-embedded@^1.89.2:
  version "1.89.2"
  resolved "https://registry.yarnpkg.com/sass-embedded/-/sass-embedded-1.89.2.tgz#bf6cd7d6ace06f0430bbf3913c95a8be83367883"
  integrity sha512-Ack2K8rc57kCFcYlf3HXpZEJFNUX8xd8DILldksREmYXQkRHI879yy8q4mRDJgrojkySMZqmmmW1NxrFxMsYaA==
  dependencies:
    "@bufbuild/protobuf" "^2.5.0"
    buffer-builder "^0.2.0"
    colorjs.io "^0.5.0"
    immutable "^5.0.2"
    rxjs "^7.4.0"
    supports-color "^8.1.1"
    sync-child-process "^1.0.2"
    varint "^6.0.0"
  optionalDependencies:
    sass-embedded-android-arm "1.89.2"
    sass-embedded-android-arm64 "1.89.2"
    sass-embedded-android-riscv64 "1.89.2"
    sass-embedded-android-x64 "1.89.2"
    sass-embedded-darwin-arm64 "1.89.2"
    sass-embedded-darwin-x64 "1.89.2"
    sass-embedded-linux-arm "1.89.2"
    sass-embedded-linux-arm64 "1.89.2"
    sass-embedded-linux-musl-arm "1.89.2"
    sass-embedded-linux-musl-arm64 "1.89.2"
    sass-embedded-linux-musl-riscv64 "1.89.2"
    sass-embedded-linux-musl-x64 "1.89.2"
    sass-embedded-linux-riscv64 "1.89.2"
    sass-embedded-linux-x64 "1.89.2"
    sass-embedded-win32-arm64 "1.89.2"
    sass-embedded-win32-x64 "1.89.2"

source-map-js@^1.2.1:
  version "1.2.1"
  resolved "https://registry.yarnpkg.com/source-map-js/-/source-map-js-1.2.1.tgz#1ce5650fddd87abc099eda37dcff024c2667ae46"
  integrity sha512-UXWMKhLOwVKb728IUtQPXxfYU+usdybtUrK/8uGE8CQMvrhOpwvzDBwj0QhSL7MQc7vIsISBG8VQ8+IDQxpfQA==

supports-color@^8.1.1:
  version "8.1.1"
  resolved "https://registry.yarnpkg.com/supports-color/-/supports-color-8.1.1.tgz#cd6fc17e28500cff56c1b86c0a7fd4a54a73005c"
  integrity sha512-MpUEN2OodtUzxvKQl72cUF7RQ5EiHsGvSsVG0ia9c5RbWGL2CI4C7EpPS8UTBIplnlzZiNuV56w+FuNxy3ty2Q==
  dependencies:
    has-flag "^4.0.0"

sync-child-process@^1.0.2:
  version "1.0.2"
  resolved "https://registry.yarnpkg.com/sync-child-process/-/sync-child-process-1.0.2.tgz#45e7c72e756d1243e80b547ea2e17957ab9e367f"
  integrity sha512-8lD+t2KrrScJ/7KXCSyfhT3/hRq78rC0wBFqNJXv3mZyn6hW2ypM05JmlSvtqRbeq6jqA94oHbxAr2vYsJ8vDA==
  dependencies:
    sync-message-port "^1.0.0"

sync-message-port@^1.0.0:
  version "1.1.3"
  resolved "https://registry.yarnpkg.com/sync-message-port/-/sync-message-port-1.1.3.tgz#6055c565ee8c81d2f9ee5aae7db757e6d9088c0c"
  integrity sha512-GTt8rSKje5FilG+wEdfCkOcLL7LWqpMlr2c3LRuKt/YXxcJ52aGSbGBAdI4L3aaqfrBt6y711El53ItyH1NWzg==

tinyglobby@^0.2.13:
  version "0.2.14"
  resolved "https://registry.yarnpkg.com/tinyglobby/-/tinyglobby-0.2.14.tgz#5280b0cf3f972b050e74ae88406c0a6a58f4079d"
  integrity sha512-tX5e7OM1HnYr2+a2C/4V0htOcSQcoSTH9KgJnVvNm5zm/cyEWKJ7j7YutsH9CxMdtOkkLFy2AHrMci9IM8IPZQ==
  dependencies:
    fdir "^6.4.4"
    picomatch "^4.0.2"

tslib@^2.1.0:
  version "2.8.1"
  resolved "https://registry.yarnpkg.com/tslib/-/tslib-2.8.1.tgz#612efe4ed235d567e8aba5f2a5fab70280ade83f"
  integrity sha512-oJFu94HQb+KVduSUQL7wnpmqnfmLsOA/nAh6b6EH0wCEoK0/mPeXU6c3wKDV83MkOuHPRHtSXKKU99IBazS/2w==

typescript@~5.6.2:
  version "5.6.3"
  resolved "https://registry.yarnpkg.com/typescript/-/typescript-5.6.3.tgz#5f3449e31c9d94febb17de03cc081dd56d81db5b"
  integrity sha512-hjcS1mhfuyi4WW8IWtjP7brDrG2cuDZukyrYrSauoXGNgx0S7zceP07adYkJycEr56BOUTNPzbInooiN3fn1qw==

varint@^6.0.0:
  version "6.0.0"
  resolved "https://registry.yarnpkg.com/varint/-/varint-6.0.0.tgz#9881eb0ce8feaea6512439d19ddf84bf551661d0"
  integrity sha512-cXEIW6cfr15lFv563k4GuVuW/fiwjknytD37jIOLSdSWuOI6WnO/oKwmP2FQTU2l01LP8/M5TSAJpzUaGe3uWg==

vite@^6.0.3:
  version "6.3.5"
  resolved "https://registry.yarnpkg.com/vite/-/vite-6.3.5.tgz#fec73879013c9c0128c8d284504c6d19410d12a3"
  integrity sha512-cZn6NDFE7wdTpINgs++ZJ4N49W2vRp8LCKrn3Ob1kYNtOo21vfDoaV5GzBfLU4MovSAB8uNRm4jgzVQZ+mBzPQ==
  dependencies:
    esbuild "^0.25.0"
    fdir "^6.4.4"
    picomatch "^4.0.2"
    postcss "^8.5.3"
    rollup "^4.34.9"
    tinyglobby "^0.2.13"
  optionalDependencies:
    fsevents "~2.3.3"

vscode-uri@^3.0.8:
  version "3.1.0"
  resolved "https://registry.yarnpkg.com/vscode-uri/-/vscode-uri-3.1.0.tgz#dd09ec5a66a38b5c3fffc774015713496d14e09c"
  integrity sha512-/BpdSx+yCQGnCvecbyXdxHDkuk55/G3xwnC0GqY4gmQ3j+A+g8kzzgB4Nk/SINjqn6+waqw3EgbVF2QKExkRxQ==

vue-tsc@^2.1.10:
  version "2.2.10"
  resolved "https://registry.yarnpkg.com/vue-tsc/-/vue-tsc-2.2.10.tgz#7b51a666cb90788884efd0caedc69fc1fc9c5b78"
  integrity sha512-jWZ1xSaNbabEV3whpIDMbjVSVawjAyW+x1n3JeGQo7S0uv2n9F/JMgWW90tGWNFRKya4YwKMZgCtr0vRAM7DeQ==
  dependencies:
    "@volar/typescript" "~2.4.11"
    "@vue/language-core" "2.2.10"

vue@^3.5.13:
  version "3.5.17"
  resolved "https://registry.yarnpkg.com/vue/-/vue-3.5.17.tgz#ea8a6a45abb2b0620e7d479319ce8434b55650cf"
  integrity sha512-LbHV3xPN9BeljML+Xctq4lbz2lVHCR6DtbpTf5XIO6gugpXUN49j2QQPcMj086r9+AkJ0FfUT8xjulKKBkkr9g==
  dependencies:
    "@vue/compiler-dom" "3.5.17"
    "@vue/compiler-sfc" "3.5.17"
    "@vue/runtime-dom" "3.5.17"
    "@vue/server-renderer" "3.5.17"
    "@vue/shared" "3.5.17"
